
Microsoft Visual Studio Solution File, Format Version 12.00
# Visual Studio Version 17
VisualStudioVersion = 17.10.35027.167
MinimumVisualStudioVersion = 10.0.40219.1
Project("{FAE04EC0-301F-11D3-BF4B-00C04F79EFBC}") = "TesteGenialNet.API", "src\TesteGenialNet.API\TesteGenialNet.API.csproj", "{49E72132-D51A-4A76-9505-F198043EF125}"
EndProject
Project("{FAE04EC0-301F-11D3-BF4B-00C04F79EFBC}") = "TesteGenialNet.Business", "src\TesteGenialNet.Business\TesteGenialNet.Business.csproj", "{12395E37-8105-441C-AB35-96A75897AEFD}"
EndProject
Project("{FAE04EC0-301F-11D3-BF4B-00C04F79EFBC}") = "TesteGenialNet.Data", "src\TesteGenialNet.Data\TesteGenialNet.Data.csproj", "{A14BDB0C-24B6-4896-A0A7-7B9BA51FAF62}"
EndProject
Global
	GlobalSection(SolutionConfigurationPlatforms) = preSolution
		Debug|Any CPU = Debug|Any CPU
		Release|Any CPU = Release|Any CPU
	EndGlobalSection
	GlobalSection(ProjectConfigurationPlatforms) = postSolution
		{49E72132-D51A-4A76-9505-F198043EF125}.Debug|Any CPU.ActiveCfg = Debug|Any CPU
		{49E72132-D51A-4A76-9505-F198043EF125}.Debug|Any CPU.Build.0 = Debug|Any CPU
		{49E72132-D51A-4A76-9505-F198043EF125}.Release|Any CPU.ActiveCfg = Release|Any CPU
		{49E72132-D51A-4A76-9505-F198043EF125}.Release|Any CPU.Build.0 = Release|Any CPU
		{12395E37-8105-441C-AB35-96A75897AEFD}.Debug|Any CPU.ActiveCfg = Debug|Any CPU
		{12395E37-8105-441C-AB35-96A75897AEFD}.Debug|Any CPU.Build.0 = Debug|Any CPU
		{12395E37-8105-441C-AB35-96A75897AEFD}.Release|Any CPU.ActiveCfg = Release|Any CPU
		{12395E37-8105-441C-AB35-96A75897AEFD}.Release|Any CPU.Build.0 = Release|Any CPU
		{A14BDB0C-24B6-4896-A0A7-7B9BA51FAF62}.Debug|Any CPU.ActiveCfg = Debug|Any CPU
		{A14BDB0C-24B6-4896-A0A7-7B9BA51FAF62}.Debug|Any CPU.Build.0 = Debug|Any CPU
		{A14BDB0C-24B6-4896-A0A7-7B9BA51FAF62}.Release|Any CPU.ActiveCfg = Release|Any CPU
		{A14BDB0C-24B6-4896-A0A7-7B9BA51FAF62}.Release|Any CPU.Build.0 = Release|Any CPU
	EndGlobalSection
	GlobalSection(SolutionProperties) = preSolution
		HideSolutionNode = FALSE
	EndGlobalSection
	GlobalSection(ExtensibilityGlobals) = postSolution
		SolutionGuid = {0688DA48-53D3-4DBB-8DE9-51D30D201EEF}
	EndGlobalSection
EndGlobal
